{
  "originHash" : "d82f87e2de64ddbc22093a2ee464556d6573d7cf280f60adbb8cc304b94b89d0",
  "pins" : [
    {
      "identity" : "expression",
      "kind" : "remoteSourceControl",
      "location" : "https://github.com/nicklockwood/Expression.git",
      "state" : {
        "revision" : "81e8f21b576ac2cd211ab42a7396fdf7b66f02b4",
        "version" : "0.13.8"
      }
    }
  ],
  "version" : 3
}
