// !$*UTF8*$!
{
	archiveVersion = 1;
	classes = {
	};
	objectVersion = 56;
	objects = {

/* Begin PBXBuildFile section */
		27B7763E2C0AAB97008D5902 /* LemonCalculatorApp.swift in Sources */ = {isa = PBXBuildFile; fileRef = 27B7763D2C0AAB97008D5902 /* LemonCalculatorApp.swift */; };
		27B776402C0AAB97008D5902 /* CalculatorView.swift in Sources */ = {isa = PBXBuildFile; fileRef = 27B7763F2C0AAB97008D5902 /* CalculatorView.swift */; };
		27B776422C0AAB98008D5902 /* Assets.xcassets in Resources */ = {isa = PBXBuildFile; fileRef = 27B776412C0AAB98008D5902 /* Assets.xcassets */; };
		27B776452C0AAB98008D5902 /* Preview Assets.xcassets in Resources */ = {isa = PBXBuildFile; fileRef = 27B776442C0AAB98008D5902 /* Preview Assets.xcassets */; };
		27B7764F2C0AAB98008D5902 /* LemonCalculatorTests.swift in Sources */ = {isa = PBXBuildFile; fileRef = 27B7764E2C0AAB98008D5902 /* LemonCalculatorTests.swift */; };
		27B776592C0AAB98008D5902 /* LemonCalculatorUITests.swift in Sources */ = {isa = PBXBuildFile; fileRef = 27B776582C0AAB98008D5902 /* LemonCalculatorUITests.swift */; };
		27B7765B2C0AAB98008D5902 /* LemonCalculatorUITestsLaunchTests.swift in Sources */ = {isa = PBXBuildFile; fileRef = 27B7765A2C0AAB98008D5902 /* LemonCalculatorUITestsLaunchTests.swift */; };
		27B776682C0AC333008D5902 /* Calculator.swift in Sources */ = {isa = PBXBuildFile; fileRef = 27B776672C0AC333008D5902 /* Calculator.swift */; };
		27B7766A2C0AC69F008D5902 /* CalculatorThemeProtocol.swift in Sources */ = {isa = PBXBuildFile; fileRef = 27B776692C0AC69F008D5902 /* CalculatorThemeProtocol.swift */; };
		27B7766C2C0ACE92008D5902 /* MainView.swift in Sources */ = {isa = PBXBuildFile; fileRef = 27B7766B2C0ACE92008D5902 /* MainView.swift */; };
		27B7766F2C0ADAF7008D5902 /* CollectionView.swift in Sources */ = {isa = PBXBuildFile; fileRef = 27B7766E2C0ADAF7008D5902 /* CollectionView.swift */; };
		27B776712C0ADB1B008D5902 /* HomeView.swift in Sources */ = {isa = PBXBuildFile; fileRef = 27B776702C0ADB1B008D5902 /* HomeView.swift */; };
		27B776742C0AE23B008D5902 /* ThemeModel.swift in Sources */ = {isa = PBXBuildFile; fileRef = 27B776732C0AE23B008D5902 /* ThemeModel.swift */; };
		27B776762C0AE69E008D5902 /* ThemeEditor.swift in Sources */ = {isa = PBXBuildFile; fileRef = 27B776752C0AE69E008D5902 /* ThemeEditor.swift */; };
		27B776782C0AEF52008D5902 /* MetalicButtonStyle.swift in Sources */ = {isa = PBXBuildFile; fileRef = 27B776772C0AEF52008D5902 /* MetalicButtonStyle.swift */; };
		27B7767B2C0B158D008D5902 /* Themes.swift in Sources */ = {isa = PBXBuildFile; fileRef = 27B7767A2C0B158D008D5902 /* Themes.swift */; };
		27B7767E2C0B1675008D5902 /* MultiLayerShadowButtonStyle2.swift in Sources */ = {isa = PBXBuildFile; fileRef = 27B7767D2C0B1675008D5902 /* MultiLayerShadowButtonStyle2.swift */; };
		27B776812C0B3235008D5902 /* sa-digital-number.ttf in Resources */ = {isa = PBXBuildFile; fileRef = 27B7767F2C0B319B008D5902 /* sa-digital-number.ttf */; };
		27B776BB2C0B3FEB008D5902 /* WidgetKit.framework in Frameworks */ = {isa = PBXBuildFile; fileRef = 27B776882C0B3DB8008D5902 /* WidgetKit.framework */; };
		27B776BC2C0B3FEB008D5902 /* SwiftUI.framework in Frameworks */ = {isa = PBXBuildFile; fileRef = 27B7768A2C0B3DB8008D5902 /* SwiftUI.framework */; };
		27B776BF2C0B3FEB008D5902 /* CalculatorWidgetBundle.swift in Sources */ = {isa = PBXBuildFile; fileRef = 27B776BE2C0B3FEB008D5902 /* CalculatorWidgetBundle.swift */; };
		27B776C12C0B3FEB008D5902 /* CalculatorWidget.swift in Sources */ = {isa = PBXBuildFile; fileRef = 27B776C02C0B3FEB008D5902 /* CalculatorWidget.swift */; };
		27B776C32C0B3FEB008D5902 /* AppIntent.swift in Sources */ = {isa = PBXBuildFile; fileRef = 27B776C22C0B3FEB008D5902 /* AppIntent.swift */; };
		27B776C52C0B3FEC008D5902 /* Assets.xcassets in Resources */ = {isa = PBXBuildFile; fileRef = 27B776C42C0B3FEC008D5902 /* Assets.xcassets */; };
		27B776C92C0B3FEC008D5902 /* CalculatorWidgetExtension.appex in Embed Foundation Extensions */ = {isa = PBXBuildFile; fileRef = 27B776BA2C0B3FEB008D5902 /* CalculatorWidgetExtension.appex */; settings = {ATTRIBUTES = (RemoveHeadersOnCopy, ); }; };
		27B776CD2C0B4059008D5902 /* CalculatorView.swift in Sources */ = {isa = PBXBuildFile; fileRef = 27B7763F2C0AAB97008D5902 /* CalculatorView.swift */; };
		27B776CE2C0B405D008D5902 /* sa-digital-number.ttf in Resources */ = {isa = PBXBuildFile; fileRef = 27B7767F2C0B319B008D5902 /* sa-digital-number.ttf */; };
		27B776CF2C0B4064008D5902 /* MultiLayerShadowButtonStyle2.swift in Sources */ = {isa = PBXBuildFile; fileRef = 27B7767D2C0B1675008D5902 /* MultiLayerShadowButtonStyle2.swift */; };
		27B776D02C0B406A008D5902 /* Themes.swift in Sources */ = {isa = PBXBuildFile; fileRef = 27B7767A2C0B158D008D5902 /* Themes.swift */; };
		27B776D12C0B4084008D5902 /* CalculatorThemeProtocol.swift in Sources */ = {isa = PBXBuildFile; fileRef = 27B776692C0AC69F008D5902 /* CalculatorThemeProtocol.swift */; };
		27B776D22C0B4094008D5902 /* Assets.xcassets in Resources */ = {isa = PBXBuildFile; fileRef = 27B776412C0AAB98008D5902 /* Assets.xcassets */; };
		27B776D42C0B438B008D5902 /* SizeHelper.swift in Sources */ = {isa = PBXBuildFile; fileRef = 27B776D32C0B438B008D5902 /* SizeHelper.swift */; };
		27B776D52C0B438B008D5902 /* SizeHelper.swift in Sources */ = {isa = PBXBuildFile; fileRef = 27B776D32C0B438B008D5902 /* SizeHelper.swift */; };
		27B776D72C0B5AAD008D5902 /* StripView.swift in Sources */ = {isa = PBXBuildFile; fileRef = 27B776D62C0B5AAD008D5902 /* StripView.swift */; };
		27B776D82C0B5AAD008D5902 /* StripView.swift in Sources */ = {isa = PBXBuildFile; fileRef = 27B776D62C0B5AAD008D5902 /* StripView.swift */; };
		27B776DA2C0B5BCA008D5902 /* Color+.swift in Sources */ = {isa = PBXBuildFile; fileRef = 27B776D92C0B5BCA008D5902 /* Color+.swift */; };
		27B776DB2C0B5BCA008D5902 /* Color+.swift in Sources */ = {isa = PBXBuildFile; fileRef = 27B776D92C0B5BCA008D5902 /* Color+.swift */; };
		27B776DD2C0B628F008D5902 /* FullCalculatorView.swift in Sources */ = {isa = PBXBuildFile; fileRef = 27B776DC2C0B628F008D5902 /* FullCalculatorView.swift */; };
		27B776DE2C0B628F008D5902 /* FullCalculatorView.swift in Sources */ = {isa = PBXBuildFile; fileRef = 27B776DC2C0B628F008D5902 /* FullCalculatorView.swift */; };
		27B776E12C0B6C0C008D5902 /* Expression in Frameworks */ = {isa = PBXBuildFile; productRef = 27B776E02C0B6C0C008D5902 /* Expression */; };
		27B776E22C0B74D8008D5902 /* Calculator.swift in Sources */ = {isa = PBXBuildFile; fileRef = 27B776672C0AC333008D5902 /* Calculator.swift */; };
		27B776E42C0B74F4008D5902 /* Expression in Frameworks */ = {isa = PBXBuildFile; productRef = 27B776E32C0B74F4008D5902 /* Expression */; };
/* End PBXBuildFile section */

/* Begin PBXContainerItemProxy section */
		27B7764B2C0AAB98008D5902 /* PBXContainerItemProxy */ = {
			isa = PBXContainerItemProxy;
			containerPortal = 27B776322C0AAB97008D5902 /* Project object */;
			proxyType = 1;
			remoteGlobalIDString = 27B776392C0AAB97008D5902;
			remoteInfo = LemonCalculator;
		};
		27B776552C0AAB98008D5902 /* PBXContainerItemProxy */ = {
			isa = PBXContainerItemProxy;
			containerPortal = 27B776322C0AAB97008D5902 /* Project object */;
			proxyType = 1;
			remoteGlobalIDString = 27B776392C0AAB97008D5902;
			remoteInfo = LemonCalculator;
		};
		27B776C72C0B3FEC008D5902 /* PBXContainerItemProxy */ = {
			isa = PBXContainerItemProxy;
			containerPortal = 27B776322C0AAB97008D5902 /* Project object */;
			proxyType = 1;
			remoteGlobalIDString = 27B776B92C0B3FEB008D5902;
			remoteInfo = CalculatorWidgetExtension;
		};
/* End PBXContainerItemProxy section */

/* Begin PBXCopyFilesBuildPhase section */
		27B7769E2C0B3DBA008D5902 /* Embed Foundation Extensions */ = {
			isa = PBXCopyFilesBuildPhase;
			buildActionMask = 2147483647;
			dstPath = "";
			dstSubfolderSpec = 13;
			files = (
				27B776C92C0B3FEC008D5902 /* CalculatorWidgetExtension.appex in Embed Foundation Extensions */,
			);
			name = "Embed Foundation Extensions";
			runOnlyForDeploymentPostprocessing = 0;
		};
/* End PBXCopyFilesBuildPhase section */

/* Begin PBXFileReference section */
		27B7763A2C0AAB97008D5902 /* LemonCalculator.app */ = {isa = PBXFileReference; explicitFileType = wrapper.application; includeInIndex = 0; path = LemonCalculator.app; sourceTree = BUILT_PRODUCTS_DIR; };
		27B7763D2C0AAB97008D5902 /* LemonCalculatorApp.swift */ = {isa = PBXFileReference; lastKnownFileType = sourcecode.swift; path = LemonCalculatorApp.swift; sourceTree = "<group>"; };
		27B7763F2C0AAB97008D5902 /* CalculatorView.swift */ = {isa = PBXFileReference; lastKnownFileType = sourcecode.swift; path = CalculatorView.swift; sourceTree = "<group>"; };
		27B776412C0AAB98008D5902 /* Assets.xcassets */ = {isa = PBXFileReference; lastKnownFileType = folder.assetcatalog; path = Assets.xcassets; sourceTree = "<group>"; };
		27B776442C0AAB98008D5902 /* Preview Assets.xcassets */ = {isa = PBXFileReference; lastKnownFileType = folder.assetcatalog; path = "Preview Assets.xcassets"; sourceTree = "<group>"; };
		27B7764A2C0AAB98008D5902 /* LemonCalculatorTests.xctest */ = {isa = PBXFileReference; explicitFileType = wrapper.cfbundle; includeInIndex = 0; path = LemonCalculatorTests.xctest; sourceTree = BUILT_PRODUCTS_DIR; };
		27B7764E2C0AAB98008D5902 /* LemonCalculatorTests.swift */ = {isa = PBXFileReference; lastKnownFileType = sourcecode.swift; path = LemonCalculatorTests.swift; sourceTree = "<group>"; };
		27B776542C0AAB98008D5902 /* LemonCalculatorUITests.xctest */ = {isa = PBXFileReference; explicitFileType = wrapper.cfbundle; includeInIndex = 0; path = LemonCalculatorUITests.xctest; sourceTree = BUILT_PRODUCTS_DIR; };
		27B776582C0AAB98008D5902 /* LemonCalculatorUITests.swift */ = {isa = PBXFileReference; lastKnownFileType = sourcecode.swift; path = LemonCalculatorUITests.swift; sourceTree = "<group>"; };
		27B7765A2C0AAB98008D5902 /* LemonCalculatorUITestsLaunchTests.swift */ = {isa = PBXFileReference; lastKnownFileType = sourcecode.swift; path = LemonCalculatorUITestsLaunchTests.swift; sourceTree = "<group>"; };
		27B776672C0AC333008D5902 /* Calculator.swift */ = {isa = PBXFileReference; lastKnownFileType = sourcecode.swift; path = Calculator.swift; sourceTree = "<group>"; };
		27B776692C0AC69F008D5902 /* CalculatorThemeProtocol.swift */ = {isa = PBXFileReference; lastKnownFileType = sourcecode.swift; path = CalculatorThemeProtocol.swift; sourceTree = "<group>"; };
		27B7766B2C0ACE92008D5902 /* MainView.swift */ = {isa = PBXFileReference; lastKnownFileType = sourcecode.swift; path = MainView.swift; sourceTree = "<group>"; };
		27B7766E2C0ADAF7008D5902 /* CollectionView.swift */ = {isa = PBXFileReference; lastKnownFileType = sourcecode.swift; path = CollectionView.swift; sourceTree = "<group>"; };
		27B776702C0ADB1B008D5902 /* HomeView.swift */ = {isa = PBXFileReference; lastKnownFileType = sourcecode.swift; path = HomeView.swift; sourceTree = "<group>"; };
		27B776732C0AE23B008D5902 /* ThemeModel.swift */ = {isa = PBXFileReference; lastKnownFileType = sourcecode.swift; path = ThemeModel.swift; sourceTree = "<group>"; };
		27B776752C0AE69E008D5902 /* ThemeEditor.swift */ = {isa = PBXFileReference; lastKnownFileType = sourcecode.swift; path = ThemeEditor.swift; sourceTree = "<group>"; };
		27B776772C0AEF52008D5902 /* MetalicButtonStyle.swift */ = {isa = PBXFileReference; lastKnownFileType = sourcecode.swift; path = MetalicButtonStyle.swift; sourceTree = "<group>"; };
		27B7767A2C0B158D008D5902 /* Themes.swift */ = {isa = PBXFileReference; lastKnownFileType = sourcecode.swift; path = Themes.swift; sourceTree = "<group>"; };
		27B7767D2C0B1675008D5902 /* MultiLayerShadowButtonStyle2.swift */ = {isa = PBXFileReference; lastKnownFileType = sourcecode.swift; path = MultiLayerShadowButtonStyle2.swift; sourceTree = "<group>"; };
		27B7767F2C0B319B008D5902 /* sa-digital-number.ttf */ = {isa = PBXFileReference; lastKnownFileType = file; path = "sa-digital-number.ttf"; sourceTree = "<group>"; };
		27B776802C0B31AF008D5902 /* Info.plist */ = {isa = PBXFileReference; lastKnownFileType = text.plist; path = Info.plist; sourceTree = "<group>"; };
		27B776882C0B3DB8008D5902 /* WidgetKit.framework */ = {isa = PBXFileReference; lastKnownFileType = wrapper.framework; name = WidgetKit.framework; path = System/Library/Frameworks/WidgetKit.framework; sourceTree = SDKROOT; };
		27B7768A2C0B3DB8008D5902 /* SwiftUI.framework */ = {isa = PBXFileReference; lastKnownFileType = wrapper.framework; name = SwiftUI.framework; path = System/Library/Frameworks/SwiftUI.framework; sourceTree = SDKROOT; };
		27B776BA2C0B3FEB008D5902 /* CalculatorWidgetExtension.appex */ = {isa = PBXFileReference; explicitFileType = "wrapper.app-extension"; includeInIndex = 0; path = CalculatorWidgetExtension.appex; sourceTree = BUILT_PRODUCTS_DIR; };
		27B776BE2C0B3FEB008D5902 /* CalculatorWidgetBundle.swift */ = {isa = PBXFileReference; lastKnownFileType = sourcecode.swift; path = CalculatorWidgetBundle.swift; sourceTree = "<group>"; };
		27B776C02C0B3FEB008D5902 /* CalculatorWidget.swift */ = {isa = PBXFileReference; lastKnownFileType = sourcecode.swift; path = CalculatorWidget.swift; sourceTree = "<group>"; };
		27B776C22C0B3FEB008D5902 /* AppIntent.swift */ = {isa = PBXFileReference; lastKnownFileType = sourcecode.swift; path = AppIntent.swift; sourceTree = "<group>"; };
		27B776C42C0B3FEC008D5902 /* Assets.xcassets */ = {isa = PBXFileReference; lastKnownFileType = folder.assetcatalog; path = Assets.xcassets; sourceTree = "<group>"; };
		27B776C62C0B3FEC008D5902 /* Info.plist */ = {isa = PBXFileReference; lastKnownFileType = text.plist.xml; path = Info.plist; sourceTree = "<group>"; };
		27B776D32C0B438B008D5902 /* SizeHelper.swift */ = {isa = PBXFileReference; lastKnownFileType = sourcecode.swift; path = SizeHelper.swift; sourceTree = "<group>"; };
		27B776D62C0B5AAD008D5902 /* StripView.swift */ = {isa = PBXFileReference; lastKnownFileType = sourcecode.swift; path = StripView.swift; sourceTree = "<group>"; };
		27B776D92C0B5BCA008D5902 /* Color+.swift */ = {isa = PBXFileReference; lastKnownFileType = sourcecode.swift; path = "Color+.swift"; sourceTree = "<group>"; };
		27B776DC2C0B628F008D5902 /* FullCalculatorView.swift */ = {isa = PBXFileReference; lastKnownFileType = sourcecode.swift; path = FullCalculatorView.swift; sourceTree = "<group>"; };
/* End PBXFileReference section */

/* Begin PBXFrameworksBuildPhase section */
		27B776372C0AAB97008D5902 /* Frameworks */ = {
			isa = PBXFrameworksBuildPhase;
			buildActionMask = 2147483647;
			files = (
				27B776E12C0B6C0C008D5902 /* Expression in Frameworks */,
			);
			runOnlyForDeploymentPostprocessing = 0;
		};
		27B776472C0AAB98008D5902 /* Frameworks */ = {
			isa = PBXFrameworksBuildPhase;
			buildActionMask = 2147483647;
			files = (
			);
			runOnlyForDeploymentPostprocessing = 0;
		};
		27B776512C0AAB98008D5902 /* Frameworks */ = {
			isa = PBXFrameworksBuildPhase;
			buildActionMask = 2147483647;
			files = (
			);
			runOnlyForDeploymentPostprocessing = 0;
		};
		27B776B72C0B3FEB008D5902 /* Frameworks */ = {
			isa = PBXFrameworksBuildPhase;
			buildActionMask = 2147483647;
			files = (
				27B776BC2C0B3FEB008D5902 /* SwiftUI.framework in Frameworks */,
				27B776E42C0B74F4008D5902 /* Expression in Frameworks */,
				27B776BB2C0B3FEB008D5902 /* WidgetKit.framework in Frameworks */,
			);
			runOnlyForDeploymentPostprocessing = 0;
		};
/* End PBXFrameworksBuildPhase section */

/* Begin PBXGroup section */
		27B776312C0AAB97008D5902 = {
			isa = PBXGroup;
			children = (
				27B776D32C0B438B008D5902 /* SizeHelper.swift */,
				27B7763C2C0AAB97008D5902 /* LemonCalculator */,
				27B7764D2C0AAB98008D5902 /* LemonCalculatorTests */,
				27B776572C0AAB98008D5902 /* LemonCalculatorUITests */,
				27B776BD2C0B3FEB008D5902 /* CalculatorWidget */,
				27B776872C0B3DB8008D5902 /* Frameworks */,
				27B7763B2C0AAB97008D5902 /* Products */,
			);
			sourceTree = "<group>";
		};
		27B7763B2C0AAB97008D5902 /* Products */ = {
			isa = PBXGroup;
			children = (
				27B7763A2C0AAB97008D5902 /* LemonCalculator.app */,
				27B7764A2C0AAB98008D5902 /* LemonCalculatorTests.xctest */,
				27B776542C0AAB98008D5902 /* LemonCalculatorUITests.xctest */,
				27B776BA2C0B3FEB008D5902 /* CalculatorWidgetExtension.appex */,
			);
			name = Products;
			sourceTree = "<group>";
		};
		27B7763C2C0AAB97008D5902 /* LemonCalculator */ = {
			isa = PBXGroup;
			children = (
				27B776802C0B31AF008D5902 /* Info.plist */,
				27B7767F2C0B319B008D5902 /* sa-digital-number.ttf */,
				27B776722C0AE208008D5902 /* Model */,
				27B7766D2C0ADAE6008D5902 /* View */,
				27B7763D2C0AAB97008D5902 /* LemonCalculatorApp.swift */,
				27B7763F2C0AAB97008D5902 /* CalculatorView.swift */,
				27B776412C0AAB98008D5902 /* Assets.xcassets */,
				27B776432C0AAB98008D5902 /* Preview Content */,
				27B776672C0AC333008D5902 /* Calculator.swift */,
				27B776692C0AC69F008D5902 /* CalculatorThemeProtocol.swift */,
				27B7766B2C0ACE92008D5902 /* MainView.swift */,
			);
			path = LemonCalculator;
			sourceTree = "<group>";
		};
		27B776432C0AAB98008D5902 /* Preview Content */ = {
			isa = PBXGroup;
			children = (
				27B776442C0AAB98008D5902 /* Preview Assets.xcassets */,
			);
			path = "Preview Content";
			sourceTree = "<group>";
		};
		27B7764D2C0AAB98008D5902 /* LemonCalculatorTests */ = {
			isa = PBXGroup;
			children = (
				27B7764E2C0AAB98008D5902 /* LemonCalculatorTests.swift */,
			);
			path = LemonCalculatorTests;
			sourceTree = "<group>";
		};
		27B776572C0AAB98008D5902 /* LemonCalculatorUITests */ = {
			isa = PBXGroup;
			children = (
				27B776582C0AAB98008D5902 /* LemonCalculatorUITests.swift */,
				27B7765A2C0AAB98008D5902 /* LemonCalculatorUITestsLaunchTests.swift */,
			);
			path = LemonCalculatorUITests;
			sourceTree = "<group>";
		};
		27B7766D2C0ADAE6008D5902 /* View */ = {
			isa = PBXGroup;
			children = (
				27B7767C2C0B1662008D5902 /* ButtonStyles */,
				27B776792C0B1551008D5902 /* Themes */,
				27B7766E2C0ADAF7008D5902 /* CollectionView.swift */,
				27B776702C0ADB1B008D5902 /* HomeView.swift */,
				27B776752C0AE69E008D5902 /* ThemeEditor.swift */,
				27B776772C0AEF52008D5902 /* MetalicButtonStyle.swift */,
				27B776DC2C0B628F008D5902 /* FullCalculatorView.swift */,
			);
			path = View;
			sourceTree = "<group>";
		};
		27B776722C0AE208008D5902 /* Model */ = {
			isa = PBXGroup;
			children = (
				27B776732C0AE23B008D5902 /* ThemeModel.swift */,
			);
			path = Model;
			sourceTree = "<group>";
		};
		27B776792C0B1551008D5902 /* Themes */ = {
			isa = PBXGroup;
			children = (
				27B7767A2C0B158D008D5902 /* Themes.swift */,
				27B776D62C0B5AAD008D5902 /* StripView.swift */,
				27B776D92C0B5BCA008D5902 /* Color+.swift */,
			);
			path = Themes;
			sourceTree = "<group>";
		};
		27B7767C2C0B1662008D5902 /* ButtonStyles */ = {
			isa = PBXGroup;
			children = (
				27B7767D2C0B1675008D5902 /* MultiLayerShadowButtonStyle2.swift */,
			);
			path = ButtonStyles;
			sourceTree = "<group>";
		};
		27B776872C0B3DB8008D5902 /* Frameworks */ = {
			isa = PBXGroup;
			children = (
				27B776882C0B3DB8008D5902 /* WidgetKit.framework */,
				27B7768A2C0B3DB8008D5902 /* SwiftUI.framework */,
			);
			name = Frameworks;
			sourceTree = "<group>";
		};
		27B776BD2C0B3FEB008D5902 /* CalculatorWidget */ = {
			isa = PBXGroup;
			children = (
				27B776BE2C0B3FEB008D5902 /* CalculatorWidgetBundle.swift */,
				27B776C02C0B3FEB008D5902 /* CalculatorWidget.swift */,
				27B776C22C0B3FEB008D5902 /* AppIntent.swift */,
				27B776C42C0B3FEC008D5902 /* Assets.xcassets */,
				27B776C62C0B3FEC008D5902 /* Info.plist */,
			);
			path = CalculatorWidget;
			sourceTree = "<group>";
		};
/* End PBXGroup section */

/* Begin PBXNativeTarget section */
		27B776392C0AAB97008D5902 /* LemonCalculator */ = {
			isa = PBXNativeTarget;
			buildConfigurationList = 27B7765E2C0AAB98008D5902 /* Build configuration list for PBXNativeTarget "LemonCalculator" */;
			buildPhases = (
				27B776362C0AAB97008D5902 /* Sources */,
				27B776372C0AAB97008D5902 /* Frameworks */,
				27B776382C0AAB97008D5902 /* Resources */,
				27B7769E2C0B3DBA008D5902 /* Embed Foundation Extensions */,
			);
			buildRules = (
			);
			dependencies = (
				27B776C82C0B3FEC008D5902 /* PBXTargetDependency */,
			);
			name = LemonCalculator;
			packageProductDependencies = (
				27B776E02C0B6C0C008D5902 /* Expression */,
			);
			productName = LemonCalculator;
			productReference = 27B7763A2C0AAB97008D5902 /* LemonCalculator.app */;
			productType = "com.apple.product-type.application";
		};
		27B776492C0AAB98008D5902 /* LemonCalculatorTests */ = {
			isa = PBXNativeTarget;
			buildConfigurationList = 27B776612C0AAB98008D5902 /* Build configuration list for PBXNativeTarget "LemonCalculatorTests" */;
			buildPhases = (
				27B776462C0AAB98008D5902 /* Sources */,
				27B776472C0AAB98008D5902 /* Frameworks */,
				27B776482C0AAB98008D5902 /* Resources */,
			);
			buildRules = (
			);
			dependencies = (
				27B7764C2C0AAB98008D5902 /* PBXTargetDependency */,
			);
			name = LemonCalculatorTests;
			productName = LemonCalculatorTests;
			productReference = 27B7764A2C0AAB98008D5902 /* LemonCalculatorTests.xctest */;
			productType = "com.apple.product-type.bundle.unit-test";
		};
		27B776532C0AAB98008D5902 /* LemonCalculatorUITests */ = {
			isa = PBXNativeTarget;
			buildConfigurationList = 27B776642C0AAB98008D5902 /* Build configuration list for PBXNativeTarget "LemonCalculatorUITests" */;
			buildPhases = (
				27B776502C0AAB98008D5902 /* Sources */,
				27B776512C0AAB98008D5902 /* Frameworks */,
				27B776522C0AAB98008D5902 /* Resources */,
			);
			buildRules = (
			);
			dependencies = (
				27B776562C0AAB98008D5902 /* PBXTargetDependency */,
			);
			name = LemonCalculatorUITests;
			productName = LemonCalculatorUITests;
			productReference = 27B776542C0AAB98008D5902 /* LemonCalculatorUITests.xctest */;
			productType = "com.apple.product-type.bundle.ui-testing";
		};
		27B776B92C0B3FEB008D5902 /* CalculatorWidgetExtension */ = {
			isa = PBXNativeTarget;
			buildConfigurationList = 27B776CA2C0B3FEC008D5902 /* Build configuration list for PBXNativeTarget "CalculatorWidgetExtension" */;
			buildPhases = (
				27B776B62C0B3FEB008D5902 /* Sources */,
				27B776B72C0B3FEB008D5902 /* Frameworks */,
				27B776B82C0B3FEB008D5902 /* Resources */,
			);
			buildRules = (
			);
			dependencies = (
			);
			name = CalculatorWidgetExtension;
			packageProductDependencies = (
				27B776E32C0B74F4008D5902 /* Expression */,
			);
			productName = CalculatorWidgetExtension;
			productReference = 27B776BA2C0B3FEB008D5902 /* CalculatorWidgetExtension.appex */;
			productType = "com.apple.product-type.app-extension";
		};
/* End PBXNativeTarget section */

/* Begin PBXProject section */
		27B776322C0AAB97008D5902 /* Project object */ = {
			isa = PBXProject;
			attributes = {
				BuildIndependentTargetsInParallel = 1;
				LastSwiftUpdateCheck = 1540;
				LastUpgradeCheck = 1540;
				TargetAttributes = {
					27B776392C0AAB97008D5902 = {
						CreatedOnToolsVersion = 15.4;
					};
					27B776492C0AAB98008D5902 = {
						CreatedOnToolsVersion = 15.4;
						TestTargetID = 27B776392C0AAB97008D5902;
					};
					27B776532C0AAB98008D5902 = {
						CreatedOnToolsVersion = 15.4;
						TestTargetID = 27B776392C0AAB97008D5902;
					};
					27B776B92C0B3FEB008D5902 = {
						CreatedOnToolsVersion = 15.4;
					};
				};
			};
			buildConfigurationList = 27B776352C0AAB97008D5902 /* Build configuration list for PBXProject "LemonCalculator" */;
			compatibilityVersion = "Xcode 14.0";
			developmentRegion = en;
			hasScannedForEncodings = 0;
			knownRegions = (
				en,
				Base,
			);
			mainGroup = 27B776312C0AAB97008D5902;
			packageReferences = (
				27B776DF2C0B6C0C008D5902 /* XCRemoteSwiftPackageReference "Expression" */,
			);
			productRefGroup = 27B7763B2C0AAB97008D5902 /* Products */;
			projectDirPath = "";
			projectRoot = "";
			targets = (
				27B776392C0AAB97008D5902 /* LemonCalculator */,
				27B776492C0AAB98008D5902 /* LemonCalculatorTests */,
				27B776532C0AAB98008D5902 /* LemonCalculatorUITests */,
				27B776B92C0B3FEB008D5902 /* CalculatorWidgetExtension */,
			);
		};
/* End PBXProject section */

/* Begin PBXResourcesBuildPhase section */
		27B776382C0AAB97008D5902 /* Resources */ = {
			isa = PBXResourcesBuildPhase;
			buildActionMask = 2147483647;
			files = (
				27B776812C0B3235008D5902 /* sa-digital-number.ttf in Resources */,
				27B776452C0AAB98008D5902 /* Preview Assets.xcassets in Resources */,
				27B776422C0AAB98008D5902 /* Assets.xcassets in Resources */,
			);
			runOnlyForDeploymentPostprocessing = 0;
		};
		27B776482C0AAB98008D5902 /* Resources */ = {
			isa = PBXResourcesBuildPhase;
			buildActionMask = 2147483647;
			files = (
			);
			runOnlyForDeploymentPostprocessing = 0;
		};
		27B776522C0AAB98008D5902 /* Resources */ = {
			isa = PBXResourcesBuildPhase;
			buildActionMask = 2147483647;
			files = (
			);
			runOnlyForDeploymentPostprocessing = 0;
		};
		27B776B82C0B3FEB008D5902 /* Resources */ = {
			isa = PBXResourcesBuildPhase;
			buildActionMask = 2147483647;
			files = (
				27B776CE2C0B405D008D5902 /* sa-digital-number.ttf in Resources */,
				27B776D22C0B4094008D5902 /* Assets.xcassets in Resources */,
				27B776C52C0B3FEC008D5902 /* Assets.xcassets in Resources */,
			);
			runOnlyForDeploymentPostprocessing = 0;
		};
/* End PBXResourcesBuildPhase section */

/* Begin PBXSourcesBuildPhase section */
		27B776362C0AAB97008D5902 /* Sources */ = {
			isa = PBXSourcesBuildPhase;
			buildActionMask = 2147483647;
			files = (
				27B7766F2C0ADAF7008D5902 /* CollectionView.swift in Sources */,
				27B776DA2C0B5BCA008D5902 /* Color+.swift in Sources */,
				27B776762C0AE69E008D5902 /* ThemeEditor.swift in Sources */,
				27B7767E2C0B1675008D5902 /* MultiLayerShadowButtonStyle2.swift in Sources */,
				27B776712C0ADB1B008D5902 /* HomeView.swift in Sources */,
				27B776402C0AAB97008D5902 /* CalculatorView.swift in Sources */,
				27B7763E2C0AAB97008D5902 /* LemonCalculatorApp.swift in Sources */,
				27B776D42C0B438B008D5902 /* SizeHelper.swift in Sources */,
				27B776D72C0B5AAD008D5902 /* StripView.swift in Sources */,
				27B7767B2C0B158D008D5902 /* Themes.swift in Sources */,
				27B776682C0AC333008D5902 /* Calculator.swift in Sources */,
				27B776DD2C0B628F008D5902 /* FullCalculatorView.swift in Sources */,
				27B7766C2C0ACE92008D5902 /* MainView.swift in Sources */,
				27B7766A2C0AC69F008D5902 /* CalculatorThemeProtocol.swift in Sources */,
				27B776742C0AE23B008D5902 /* ThemeModel.swift in Sources */,
				27B776782C0AEF52008D5902 /* MetalicButtonStyle.swift in Sources */,
			);
			runOnlyForDeploymentPostprocessing = 0;
		};
		27B776462C0AAB98008D5902 /* Sources */ = {
			isa = PBXSourcesBuildPhase;
			buildActionMask = 2147483647;
			files = (
				27B7764F2C0AAB98008D5902 /* LemonCalculatorTests.swift in Sources */,
			);
			runOnlyForDeploymentPostprocessing = 0;
		};
		27B776502C0AAB98008D5902 /* Sources */ = {
			isa = PBXSourcesBuildPhase;
			buildActionMask = 2147483647;
			files = (
				27B7765B2C0AAB98008D5902 /* LemonCalculatorUITestsLaunchTests.swift in Sources */,
				27B776592C0AAB98008D5902 /* LemonCalculatorUITests.swift in Sources */,
			);
			runOnlyForDeploymentPostprocessing = 0;
		};
		27B776B62C0B3FEB008D5902 /* Sources */ = {
			isa = PBXSourcesBuildPhase;
			buildActionMask = 2147483647;
			files = (
				27B776DE2C0B628F008D5902 /* FullCalculatorView.swift in Sources */,
				27B776CD2C0B4059008D5902 /* CalculatorView.swift in Sources */,
				27B776DB2C0B5BCA008D5902 /* Color+.swift in Sources */,
				27B776D02C0B406A008D5902 /* Themes.swift in Sources */,
				27B776D82C0B5AAD008D5902 /* StripView.swift in Sources */,
				27B776E22C0B74D8008D5902 /* Calculator.swift in Sources */,
				27B776BF2C0B3FEB008D5902 /* CalculatorWidgetBundle.swift in Sources */,
				27B776CF2C0B4064008D5902 /* MultiLayerShadowButtonStyle2.swift in Sources */,
				27B776C12C0B3FEB008D5902 /* CalculatorWidget.swift in Sources */,
				27B776D12C0B4084008D5902 /* CalculatorThemeProtocol.swift in Sources */,
				27B776D52C0B438B008D5902 /* SizeHelper.swift in Sources */,
				27B776C32C0B3FEB008D5902 /* AppIntent.swift in Sources */,
			);
			runOnlyForDeploymentPostprocessing = 0;
		};
/* End PBXSourcesBuildPhase section */

/* Begin PBXTargetDependency section */
		27B7764C2C0AAB98008D5902 /* PBXTargetDependency */ = {
			isa = PBXTargetDependency;
			target = 27B776392C0AAB97008D5902 /* LemonCalculator */;
			targetProxy = 27B7764B2C0AAB98008D5902 /* PBXContainerItemProxy */;
		};
		27B776562C0AAB98008D5902 /* PBXTargetDependency */ = {
			isa = PBXTargetDependency;
			target = 27B776392C0AAB97008D5902 /* LemonCalculator */;
			targetProxy = 27B776552C0AAB98008D5902 /* PBXContainerItemProxy */;
		};
		27B776C82C0B3FEC008D5902 /* PBXTargetDependency */ = {
			isa = PBXTargetDependency;
			target = 27B776B92C0B3FEB008D5902 /* CalculatorWidgetExtension */;
			targetProxy = 27B776C72C0B3FEC008D5902 /* PBXContainerItemProxy */;
		};
/* End PBXTargetDependency section */

/* Begin XCBuildConfiguration section */
		27B7765C2C0AAB98008D5902 /* Debug */ = {
			isa = XCBuildConfiguration;
			buildSettings = {
				ALWAYS_SEARCH_USER_PATHS = NO;
				ASSETCATALOG_COMPILER_GENERATE_SWIFT_ASSET_SYMBOL_EXTENSIONS = YES;
				CLANG_ANALYZER_NONNULL = YES;
				CLANG_ANALYZER_NUMBER_OBJECT_CONVERSION = YES_AGGRESSIVE;
				CLANG_CXX_LANGUAGE_STANDARD = "gnu++20";
				CLANG_ENABLE_MODULES = YES;
				CLANG_ENABLE_OBJC_ARC = YES;
				CLANG_ENABLE_OBJC_WEAK = YES;
				CLANG_WARN_BLOCK_CAPTURE_AUTORELEASING = YES;
				CLANG_WARN_BOOL_CONVERSION = YES;
				CLANG_WARN_COMMA = YES;
				CLANG_WARN_CONSTANT_CONVERSION = YES;
				CLANG_WARN_DEPRECATED_OBJC_IMPLEMENTATIONS = YES;
				CLANG_WARN_DIRECT_OBJC_ISA_USAGE = YES_ERROR;
				CLANG_WARN_DOCUMENTATION_COMMENTS = YES;
				CLANG_WARN_EMPTY_BODY = YES;
				CLANG_WARN_ENUM_CONVERSION = YES;
				CLANG_WARN_INFINITE_RECURSION = YES;
				CLANG_WARN_INT_CONVERSION = YES;
				CLANG_WARN_NON_LITERAL_NULL_CONVERSION = YES;
				CLANG_WARN_OBJC_IMPLICIT_RETAIN_SELF = YES;
				CLANG_WARN_OBJC_LITERAL_CONVERSION = YES;
				CLANG_WARN_OBJC_ROOT_CLASS = YES_ERROR;
				CLANG_WARN_QUOTED_INCLUDE_IN_FRAMEWORK_HEADER = YES;
				CLANG_WARN_RANGE_LOOP_ANALYSIS = YES;
				CLANG_WARN_STRICT_PROTOTYPES = YES;
				CLANG_WARN_SUSPICIOUS_MOVE = YES;
				CLANG_WARN_UNGUARDED_AVAILABILITY = YES_AGGRESSIVE;
				CLANG_WARN_UNREACHABLE_CODE = YES;
				CLANG_WARN__DUPLICATE_METHOD_MATCH = YES;
				COPY_PHASE_STRIP = NO;
				DEBUG_INFORMATION_FORMAT = dwarf;
				ENABLE_STRICT_OBJC_MSGSEND = YES;
				ENABLE_TESTABILITY = YES;
				ENABLE_USER_SCRIPT_SANDBOXING = YES;
				GCC_C_LANGUAGE_STANDARD = gnu17;
				GCC_DYNAMIC_NO_PIC = NO;
				GCC_NO_COMMON_BLOCKS = YES;
				GCC_OPTIMIZATION_LEVEL = 0;
				GCC_PREPROCESSOR_DEFINITIONS = (
					"DEBUG=1",
					"$(inherited)",
				);
				GCC_WARN_64_TO_32_BIT_CONVERSION = YES;
				GCC_WARN_ABOUT_RETURN_TYPE = YES_ERROR;
				GCC_WARN_UNDECLARED_SELECTOR = YES;
				GCC_WARN_UNINITIALIZED_AUTOS = YES_AGGRESSIVE;
				GCC_WARN_UNUSED_FUNCTION = YES;
				GCC_WARN_UNUSED_VARIABLE = YES;
				IPHONEOS_DEPLOYMENT_TARGET = 17.5;
				LOCALIZATION_PREFERS_STRING_CATALOGS = YES;
				MTL_ENABLE_DEBUG_INFO = INCLUDE_SOURCE;
				MTL_FAST_MATH = YES;
				ONLY_ACTIVE_ARCH = YES;
				SDKROOT = iphoneos;
				SWIFT_ACTIVE_COMPILATION_CONDITIONS = "DEBUG $(inherited)";
				SWIFT_OPTIMIZATION_LEVEL = "-Onone";
			};
			name = Debug;
		};
		27B7765D2C0AAB98008D5902 /* Release */ = {
			isa = XCBuildConfiguration;
			buildSettings = {
				ALWAYS_SEARCH_USER_PATHS = NO;
				ASSETCATALOG_COMPILER_GENERATE_SWIFT_ASSET_SYMBOL_EXTENSIONS = YES;
				CLANG_ANALYZER_NONNULL = YES;
				CLANG_ANALYZER_NUMBER_OBJECT_CONVERSION = YES_AGGRESSIVE;
				CLANG_CXX_LANGUAGE_STANDARD = "gnu++20";
				CLANG_ENABLE_MODULES = YES;
				CLANG_ENABLE_OBJC_ARC = YES;
				CLANG_ENABLE_OBJC_WEAK = YES;
				CLANG_WARN_BLOCK_CAPTURE_AUTORELEASING = YES;
				CLANG_WARN_BOOL_CONVERSION = YES;
				CLANG_WARN_COMMA = YES;
				CLANG_WARN_CONSTANT_CONVERSION = YES;
				CLANG_WARN_DEPRECATED_OBJC_IMPLEMENTATIONS = YES;
				CLANG_WARN_DIRECT_OBJC_ISA_USAGE = YES_ERROR;
				CLANG_WARN_DOCUMENTATION_COMMENTS = YES;
				CLANG_WARN_EMPTY_BODY = YES;
				CLANG_WARN_ENUM_CONVERSION = YES;
				CLANG_WARN_INFINITE_RECURSION = YES;
				CLANG_WARN_INT_CONVERSION = YES;
				CLANG_WARN_NON_LITERAL_NULL_CONVERSION = YES;
				CLANG_WARN_OBJC_IMPLICIT_RETAIN_SELF = YES;
				CLANG_WARN_OBJC_LITERAL_CONVERSION = YES;
				CLANG_WARN_OBJC_ROOT_CLASS = YES_ERROR;
				CLANG_WARN_QUOTED_INCLUDE_IN_FRAMEWORK_HEADER = YES;
				CLANG_WARN_RANGE_LOOP_ANALYSIS = YES;
				CLANG_WARN_STRICT_PROTOTYPES = YES;
				CLANG_WARN_SUSPICIOUS_MOVE = YES;
				CLANG_WARN_UNGUARDED_AVAILABILITY = YES_AGGRESSIVE;
				CLANG_WARN_UNREACHABLE_CODE = YES;
				CLANG_WARN__DUPLICATE_METHOD_MATCH = YES;
				COPY_PHASE_STRIP = NO;
				DEBUG_INFORMATION_FORMAT = "dwarf-with-dsym";
				ENABLE_NS_ASSERTIONS = NO;
				ENABLE_STRICT_OBJC_MSGSEND = YES;
				ENABLE_USER_SCRIPT_SANDBOXING = YES;
				GCC_C_LANGUAGE_STANDARD = gnu17;
				GCC_NO_COMMON_BLOCKS = YES;
				GCC_WARN_64_TO_32_BIT_CONVERSION = YES;
				GCC_WARN_ABOUT_RETURN_TYPE = YES_ERROR;
				GCC_WARN_UNDECLARED_SELECTOR = YES;
				GCC_WARN_UNINITIALIZED_AUTOS = YES_AGGRESSIVE;
				GCC_WARN_UNUSED_FUNCTION = YES;
				GCC_WARN_UNUSED_VARIABLE = YES;
				IPHONEOS_DEPLOYMENT_TARGET = 17.5;
				LOCALIZATION_PREFERS_STRING_CATALOGS = YES;
				MTL_ENABLE_DEBUG_INFO = NO;
				MTL_FAST_MATH = YES;
				SDKROOT = iphoneos;
				SWIFT_COMPILATION_MODE = wholemodule;
				VALIDATE_PRODUCT = YES;
			};
			name = Release;
		};
		27B7765F2C0AAB98008D5902 /* Debug */ = {
			isa = XCBuildConfiguration;
			buildSettings = {
				ALWAYS_EMBED_SWIFT_STANDARD_LIBRARIES = YES;
				ASSETCATALOG_COMPILER_APPICON_NAME = AppIcon;
				ASSETCATALOG_COMPILER_GLOBAL_ACCENT_COLOR_NAME = AccentColor;
				CODE_SIGN_STYLE = Automatic;
				CURRENT_PROJECT_VERSION = 1;
				DEVELOPMENT_ASSET_PATHS = "\"LemonCalculator/Preview Content\"";
				DEVELOPMENT_TEAM = S3879FFC37;
				ENABLE_PREVIEWS = YES;
				GENERATE_INFOPLIST_FILE = YES;
				INFOPLIST_FILE = LemonCalculator/Info.plist;
				INFOPLIST_KEY_UIApplicationSceneManifest_Generation = YES;
				INFOPLIST_KEY_UIApplicationSupportsIndirectInputEvents = YES;
				INFOPLIST_KEY_UILaunchScreen_Generation = YES;
				INFOPLIST_KEY_UISupportedInterfaceOrientations_iPad = "UIInterfaceOrientationPortrait UIInterfaceOrientationPortraitUpsideDown UIInterfaceOrientationLandscapeLeft UIInterfaceOrientationLandscapeRight";
				INFOPLIST_KEY_UISupportedInterfaceOrientations_iPhone = "UIInterfaceOrientationPortrait UIInterfaceOrientationLandscapeLeft UIInterfaceOrientationLandscapeRight";
				LD_RUNPATH_SEARCH_PATHS = (
					"$(inherited)",
					"@executable_path/Frameworks",
				);
				MARKETING_VERSION = 1.0;
				PRODUCT_BUNDLE_IDENTIFIER = top.lemonapp.LemonCalculator;
				PRODUCT_NAME = "$(TARGET_NAME)";
				SWIFT_EMIT_LOC_STRINGS = YES;
				SWIFT_VERSION = 5.0;
				TARGETED_DEVICE_FAMILY = "1,2";
			};
			name = Debug;
		};
		27B776602C0AAB98008D5902 /* Release */ = {
			isa = XCBuildConfiguration;
			buildSettings = {
				ALWAYS_EMBED_SWIFT_STANDARD_LIBRARIES = YES;
				ASSETCATALOG_COMPILER_APPICON_NAME = AppIcon;
				ASSETCATALOG_COMPILER_GLOBAL_ACCENT_COLOR_NAME = AccentColor;
				CODE_SIGN_STYLE = Automatic;
				CURRENT_PROJECT_VERSION = 1;
				DEVELOPMENT_ASSET_PATHS = "\"LemonCalculator/Preview Content\"";
				DEVELOPMENT_TEAM = S3879FFC37;
				ENABLE_PREVIEWS = YES;
				GENERATE_INFOPLIST_FILE = YES;
				INFOPLIST_FILE = LemonCalculator/Info.plist;
				INFOPLIST_KEY_UIApplicationSceneManifest_Generation = YES;
				INFOPLIST_KEY_UIApplicationSupportsIndirectInputEvents = YES;
				INFOPLIST_KEY_UILaunchScreen_Generation = YES;
				INFOPLIST_KEY_UISupportedInterfaceOrientations_iPad = "UIInterfaceOrientationPortrait UIInterfaceOrientationPortraitUpsideDown UIInterfaceOrientationLandscapeLeft UIInterfaceOrientationLandscapeRight";
				INFOPLIST_KEY_UISupportedInterfaceOrientations_iPhone = "UIInterfaceOrientationPortrait UIInterfaceOrientationLandscapeLeft UIInterfaceOrientationLandscapeRight";
				LD_RUNPATH_SEARCH_PATHS = (
					"$(inherited)",
					"@executable_path/Frameworks",
				);
				MARKETING_VERSION = 1.0;
				PRODUCT_BUNDLE_IDENTIFIER = top.lemonapp.LemonCalculator;
				PRODUCT_NAME = "$(TARGET_NAME)";
				SWIFT_EMIT_LOC_STRINGS = YES;
				SWIFT_VERSION = 5.0;
				TARGETED_DEVICE_FAMILY = "1,2";
			};
			name = Release;
		};
		27B776622C0AAB98008D5902 /* Debug */ = {
			isa = XCBuildConfiguration;
			buildSettings = {
				ALWAYS_EMBED_SWIFT_STANDARD_LIBRARIES = YES;
				BUNDLE_LOADER = "$(TEST_HOST)";
				CODE_SIGN_STYLE = Automatic;
				CURRENT_PROJECT_VERSION = 1;
				DEVELOPMENT_TEAM = S3879FFC37;
				GENERATE_INFOPLIST_FILE = YES;
				IPHONEOS_DEPLOYMENT_TARGET = 17.5;
				MARKETING_VERSION = 1.0;
				PRODUCT_BUNDLE_IDENTIFIER = top.lemonapp.LemonCalculatorTests;
				PRODUCT_NAME = "$(TARGET_NAME)";
				SWIFT_EMIT_LOC_STRINGS = NO;
				SWIFT_VERSION = 5.0;
				TARGETED_DEVICE_FAMILY = "1,2";
				TEST_HOST = "$(BUILT_PRODUCTS_DIR)/LemonCalculator.app/$(BUNDLE_EXECUTABLE_FOLDER_PATH)/LemonCalculator";
			};
			name = Debug;
		};
		27B776632C0AAB98008D5902 /* Release */ = {
			isa = XCBuildConfiguration;
			buildSettings = {
				ALWAYS_EMBED_SWIFT_STANDARD_LIBRARIES = YES;
				BUNDLE_LOADER = "$(TEST_HOST)";
				CODE_SIGN_STYLE = Automatic;
				CURRENT_PROJECT_VERSION = 1;
				DEVELOPMENT_TEAM = S3879FFC37;
				GENERATE_INFOPLIST_FILE = YES;
				IPHONEOS_DEPLOYMENT_TARGET = 17.5;
				MARKETING_VERSION = 1.0;
				PRODUCT_BUNDLE_IDENTIFIER = top.lemonapp.LemonCalculatorTests;
				PRODUCT_NAME = "$(TARGET_NAME)";
				SWIFT_EMIT_LOC_STRINGS = NO;
				SWIFT_VERSION = 5.0;
				TARGETED_DEVICE_FAMILY = "1,2";
				TEST_HOST = "$(BUILT_PRODUCTS_DIR)/LemonCalculator.app/$(BUNDLE_EXECUTABLE_FOLDER_PATH)/LemonCalculator";
			};
			name = Release;
		};
		27B776652C0AAB98008D5902 /* Debug */ = {
			isa = XCBuildConfiguration;
			buildSettings = {
				ALWAYS_EMBED_SWIFT_STANDARD_LIBRARIES = YES;
				CODE_SIGN_STYLE = Automatic;
				CURRENT_PROJECT_VERSION = 1;
				DEVELOPMENT_TEAM = S3879FFC37;
				GENERATE_INFOPLIST_FILE = YES;
				MARKETING_VERSION = 1.0;
				PRODUCT_BUNDLE_IDENTIFIER = top.lemonapp.LemonCalculatorUITests;
				PRODUCT_NAME = "$(TARGET_NAME)";
				SWIFT_EMIT_LOC_STRINGS = NO;
				SWIFT_VERSION = 5.0;
				TARGETED_DEVICE_FAMILY = "1,2";
				TEST_TARGET_NAME = LemonCalculator;
			};
			name = Debug;
		};
		27B776662C0AAB98008D5902 /* Release */ = {
			isa = XCBuildConfiguration;
			buildSettings = {
				ALWAYS_EMBED_SWIFT_STANDARD_LIBRARIES = YES;
				CODE_SIGN_STYLE = Automatic;
				CURRENT_PROJECT_VERSION = 1;
				DEVELOPMENT_TEAM = S3879FFC37;
				GENERATE_INFOPLIST_FILE = YES;
				MARKETING_VERSION = 1.0;
				PRODUCT_BUNDLE_IDENTIFIER = top.lemonapp.LemonCalculatorUITests;
				PRODUCT_NAME = "$(TARGET_NAME)";
				SWIFT_EMIT_LOC_STRINGS = NO;
				SWIFT_VERSION = 5.0;
				TARGETED_DEVICE_FAMILY = "1,2";
				TEST_TARGET_NAME = LemonCalculator;
			};
			name = Release;
		};
		27B776CB2C0B3FEC008D5902 /* Debug */ = {
			isa = XCBuildConfiguration;
			buildSettings = {
				ASSETCATALOG_COMPILER_GLOBAL_ACCENT_COLOR_NAME = AccentColor;
				ASSETCATALOG_COMPILER_WIDGET_BACKGROUND_COLOR_NAME = WidgetBackground;
				CODE_SIGN_STYLE = Automatic;
				CURRENT_PROJECT_VERSION = 1;
				DEVELOPMENT_TEAM = S3879FFC37;
				GENERATE_INFOPLIST_FILE = YES;
				INFOPLIST_FILE = CalculatorWidget/Info.plist;
				INFOPLIST_KEY_CFBundleDisplayName = CalculatorWidget;
				INFOPLIST_KEY_NSHumanReadableCopyright = "";
				LD_RUNPATH_SEARCH_PATHS = (
					"$(inherited)",
					"@executable_path/Frameworks",
					"@executable_path/../../Frameworks",
				);
				MARKETING_VERSION = 1.0;
				PRODUCT_BUNDLE_IDENTIFIER = top.lemonapp.LemonCalculator.CalculatorWidget;
				PRODUCT_NAME = "$(TARGET_NAME)";
				SKIP_INSTALL = YES;
				SWIFT_EMIT_LOC_STRINGS = YES;
				SWIFT_VERSION = 5.0;
				TARGETED_DEVICE_FAMILY = "1,2";
			};
			name = Debug;
		};
		27B776CC2C0B3FEC008D5902 /* Release */ = {
			isa = XCBuildConfiguration;
			buildSettings = {
				ASSETCATALOG_COMPILER_GLOBAL_ACCENT_COLOR_NAME = AccentColor;
				ASSETCATALOG_COMPILER_WIDGET_BACKGROUND_COLOR_NAME = WidgetBackground;
				CODE_SIGN_STYLE = Automatic;
				CURRENT_PROJECT_VERSION = 1;
				DEVELOPMENT_TEAM = S3879FFC37;
				GENERATE_INFOPLIST_FILE = YES;
				INFOPLIST_FILE = CalculatorWidget/Info.plist;
				INFOPLIST_KEY_CFBundleDisplayName = CalculatorWidget;
				INFOPLIST_KEY_NSHumanReadableCopyright = "";
				LD_RUNPATH_SEARCH_PATHS = (
					"$(inherited)",
					"@executable_path/Frameworks",
					"@executable_path/../../Frameworks",
				);
				MARKETING_VERSION = 1.0;
				PRODUCT_BUNDLE_IDENTIFIER = top.lemonapp.LemonCalculator.CalculatorWidget;
				PRODUCT_NAME = "$(TARGET_NAME)";
				SKIP_INSTALL = YES;
				SWIFT_EMIT_LOC_STRINGS = YES;
				SWIFT_VERSION = 5.0;
				TARGETED_DEVICE_FAMILY = "1,2";
			};
			name = Release;
		};
/* End XCBuildConfiguration section */

/* Begin XCConfigurationList section */
		27B776352C0AAB97008D5902 /* Build configuration list for PBXProject "LemonCalculator" */ = {
			isa = XCConfigurationList;
			buildConfigurations = (
				27B7765C2C0AAB98008D5902 /* Debug */,
				27B7765D2C0AAB98008D5902 /* Release */,
			);
			defaultConfigurationIsVisible = 0;
			defaultConfigurationName = Release;
		};
		27B7765E2C0AAB98008D5902 /* Build configuration list for PBXNativeTarget "LemonCalculator" */ = {
			isa = XCConfigurationList;
			buildConfigurations = (
				27B7765F2C0AAB98008D5902 /* Debug */,
				27B776602C0AAB98008D5902 /* Release */,
			);
			defaultConfigurationIsVisible = 0;
			defaultConfigurationName = Release;
		};
		27B776612C0AAB98008D5902 /* Build configuration list for PBXNativeTarget "LemonCalculatorTests" */ = {
			isa = XCConfigurationList;
			buildConfigurations = (
				27B776622C0AAB98008D5902 /* Debug */,
				27B776632C0AAB98008D5902 /* Release */,
			);
			defaultConfigurationIsVisible = 0;
			defaultConfigurationName = Release;
		};
		27B776642C0AAB98008D5902 /* Build configuration list for PBXNativeTarget "LemonCalculatorUITests" */ = {
			isa = XCConfigurationList;
			buildConfigurations = (
				27B776652C0AAB98008D5902 /* Debug */,
				27B776662C0AAB98008D5902 /* Release */,
			);
			defaultConfigurationIsVisible = 0;
			defaultConfigurationName = Release;
		};
		27B776CA2C0B3FEC008D5902 /* Build configuration list for PBXNativeTarget "CalculatorWidgetExtension" */ = {
			isa = XCConfigurationList;
			buildConfigurations = (
				27B776CB2C0B3FEC008D5902 /* Debug */,
				27B776CC2C0B3FEC008D5902 /* Release */,
			);
			defaultConfigurationIsVisible = 0;
			defaultConfigurationName = Release;
		};
/* End XCConfigurationList section */

/* Begin XCRemoteSwiftPackageReference section */
		27B776DF2C0B6C0C008D5902 /* XCRemoteSwiftPackageReference "Expression" */ = {
			isa = XCRemoteSwiftPackageReference;
			repositoryURL = "https://github.com/nicklockwood/Expression.git";
			requirement = {
				kind = upToNextMajorVersion;
				minimumVersion = 0.13.8;
			};
		};
/* End XCRemoteSwiftPackageReference section */

/* Begin XCSwiftPackageProductDependency section */
		27B776E02C0B6C0C008D5902 /* Expression */ = {
			isa = XCSwiftPackageProductDependency;
			package = 27B776DF2C0B6C0C008D5902 /* XCRemoteSwiftPackageReference "Expression" */;
			productName = Expression;
		};
		27B776E32C0B74F4008D5902 /* Expression */ = {
			isa = XCSwiftPackageProductDependency;
			package = 27B776DF2C0B6C0C008D5902 /* XCRemoteSwiftPackageReference "Expression" */;
			productName = Expression;
		};
/* End XCSwiftPackageProductDependency section */
	};
	rootObject = 27B776322C0AAB97008D5902 /* Project object */;
}
